
Microsoft Visual Studio Solution File, Format Version 12.00
# Visual Studio Version 16
VisualStudioVersion = 16.0.32106.194
MinimumVisualStudioVersion = 10.0.40219.1
Project("{FAE04EC0-301F-11D3-BF4B-00C04F79EFBC}") = "NET_course_project", "NET_course_project\NET_course_project.csproj", "{D9369EA3-E5A2-4597-A603-CEF9C72306B1}"
	ProjectSection(ProjectDependencies) = postProject
		{4CA6F161-1E2F-4352-A7CB-ECC66BF5D88C} = {4CA6F161-1E2F-4352-A7CB-ECC66BF5D88C}
	EndProjectSection
EndProject
Project("{FAE04EC0-301F-11D3-BF4B-00C04F79EFBC}") = "ToDoListCommon", "ToDoListDbModel\ToDoListCommon.csproj", "{4CA6F161-1E2F-4352-A7CB-ECC66BF5D88C}"
EndProject
Project("{FAE04EC0-301F-11D3-BF4B-00C04F79EFBC}") = "ToDoListDbInitializer", "ToDoListDbInitializer\ToDoListDbInitializer.csproj", "{6B7348EE-55F0-42A2-850D-5D47C2F4B6E4}"
	ProjectSection(ProjectDependencies) = postProject
		{4CA6F161-1E2F-4352-A7CB-ECC66BF5D88C} = {4CA6F161-1E2F-4352-A7CB-ECC66BF5D88C}
	EndProjectSection
EndProject
Global
	GlobalSection(SolutionConfigurationPlatforms) = preSolution
		Debug|Any CPU = Debug|Any CPU
		Release|Any CPU = Release|Any CPU
	EndGlobalSection
	GlobalSection(ProjectConfigurationPlatforms) = postSolution
		{D9369EA3-E5A2-4597-A603-CEF9C72306B1}.Debug|Any CPU.ActiveCfg = Debug|Any CPU
		{D9369EA3-E5A2-4597-A603-CEF9C72306B1}.Debug|Any CPU.Build.0 = Debug|Any CPU
		{D9369EA3-E5A2-4597-A603-CEF9C72306B1}.Release|Any CPU.ActiveCfg = Release|Any CPU
		{D9369EA3-E5A2-4597-A603-CEF9C72306B1}.Release|Any CPU.Build.0 = Release|Any CPU
		{4CA6F161-1E2F-4352-A7CB-ECC66BF5D88C}.Debug|Any CPU.ActiveCfg = Debug|Any CPU
		{4CA6F161-1E2F-4352-A7CB-ECC66BF5D88C}.Debug|Any CPU.Build.0 = Debug|Any CPU
		{4CA6F161-1E2F-4352-A7CB-ECC66BF5D88C}.Release|Any CPU.ActiveCfg = Release|Any CPU
		{4CA6F161-1E2F-4352-A7CB-ECC66BF5D88C}.Release|Any CPU.Build.0 = Release|Any CPU
		{6B7348EE-55F0-42A2-850D-5D47C2F4B6E4}.Debug|Any CPU.ActiveCfg = Debug|Any CPU
		{6B7348EE-55F0-42A2-850D-5D47C2F4B6E4}.Debug|Any CPU.Build.0 = Debug|Any CPU
		{6B7348EE-55F0-42A2-850D-5D47C2F4B6E4}.Release|Any CPU.ActiveCfg = Release|Any CPU
		{6B7348EE-55F0-42A2-850D-5D47C2F4B6E4}.Release|Any CPU.Build.0 = Release|Any CPU
	EndGlobalSection
	GlobalSection(SolutionProperties) = preSolution
		HideSolutionNode = FALSE
	EndGlobalSection
	GlobalSection(ExtensibilityGlobals) = postSolution
		SolutionGuid = {5875D492-63AE-46EE-87B9-B005C3C6C34E}
	EndGlobalSection
EndGlobal
